
Microsoft Visual Studio Solution File, Format Version 12.00
# Visual Studio Version 17
VisualStudioVersion = 17.6.33815.320
MinimumVisualStudioVersion = 10.0.40219.1
Project("{FAE04EC0-301F-11D3-BF4B-00C04F79EFBC}") = "DynamicArray", "DynamicArray\DynamicArray.csproj", "{5BB421CE-0F10-4E1B-A773-003D4564ABDD}"
EndProject
Global
	GlobalSection(SolutionConfigurationPlatforms) = preSolution
		Debug|Any CPU = Debug|Any CPU
		Release|Any CPU = Release|Any CPU
	EndGlobalSection
	GlobalSection(ProjectConfigurationPlatforms) = postSolution
		{5BB421CE-0F10-4E1B-A773-003D4564ABDD}.Debug|Any CPU.ActiveCfg = Debug|Any CPU
		{5BB421CE-0F10-4E1B-A773-003D4564ABDD}.Debug|Any CPU.Build.0 = Debug|Any CPU
		{5BB421CE-0F10-4E1B-A773-003D4564ABDD}.Release|Any CPU.ActiveCfg = Release|Any CPU
		{5BB421CE-0F10-4E1B-A773-003D4564ABDD}.Release|Any CPU.Build.0 = Release|Any CPU
	EndGlobalSection
	GlobalSection(SolutionProperties) = preSolution
		HideSolutionNode = FALSE
	EndGlobalSection
	GlobalSection(ExtensibilityGlobals) = postSolution
		SolutionGuid = {3FF9DE62-154B-4986-B87B-AFD4B4403BEE}
	EndGlobalSection
EndGlobal
